
Microsoft Visual Studio Solution File, Format Version 12.00
# Visual Studio Version 17
VisualStudioVersion = 17.0.31903.59
MinimumVisualStudioVersion = 10.0.40219.1
Project("{2150E333-8FDC-42A3-9474-1A3956D46DE8}") = "src", "src", "{7EECEA4E-AB84-4887-8E77-52CB4CEFBB21}"
EndProject
Project("{FAE04EC0-301F-11D3-BF4B-00C04F79EFBC}") = "BlogAPI", "src\BlogAPI\BlogAPI.csproj", "{6EE7ABCE-5233-450C-ACFB-B16A30CB57D8}"
EndProject
Global
	GlobalSection(SolutionConfigurationPlatforms) = preSolution
		Debug|Any CPU = Debug|Any CPU
		Release|Any CPU = Release|Any CPU
	EndGlobalSection
	GlobalSection(SolutionProperties) = preSolution
		HideSolutionNode = FALSE
	EndGlobalSection
	GlobalSection(ProjectConfigurationPlatforms) = postSolution
		{6EE7ABCE-5233-450C-ACFB-B16A30CB57D8}.Debug|Any CPU.ActiveCfg = Debug|Any CPU
		{6EE7ABCE-5233-450C-ACFB-B16A30CB57D8}.Debug|Any CPU.Build.0 = Debug|Any CPU
		{6EE7ABCE-5233-450C-ACFB-B16A30CB57D8}.Release|Any CPU.ActiveCfg = Release|Any CPU
		{6EE7ABCE-5233-450C-ACFB-B16A30CB57D8}.Release|Any CPU.Build.0 = Release|Any CPU
	EndGlobalSection
	GlobalSection(NestedProjects) = preSolution
		{6EE7ABCE-5233-450C-ACFB-B16A30CB57D8} = {7EECEA4E-AB84-4887-8E77-52CB4CEFBB21}
	EndGlobalSection
EndGlobal
